
Microsoft Visual Studio Solution File, Format Version 12.00
# Visual Studio 2012
Project("{FAE04EC0-301F-11D3-BF4B-00C04F79EFBC}") = "UITestCalc", "UITestCalc\UITestCalc.csproj", "{A7E8CD98-38ED-4F4C-AA15-6AE6D10F11EC}"
EndProject
Global
	GlobalSection(SolutionConfigurationPlatforms) = preSolution
		Debug|Any CPU = Debug|Any CPU
		Release|Any CPU = Release|Any CPU
	EndGlobalSection
	GlobalSection(ProjectConfigurationPlatforms) = postSolution
		{A7E8CD98-38ED-4F4C-AA15-6AE6D10F11EC}.Debug|Any CPU.ActiveCfg = Debug|Any CPU
		{A7E8CD98-38ED-4F4C-AA15-6AE6D10F11EC}.Debug|Any CPU.Build.0 = Debug|Any CPU
		{A7E8CD98-38ED-4F4C-AA15-6AE6D10F11EC}.Release|Any CPU.ActiveCfg = Release|Any CPU
		{A7E8CD98-38ED-4F4C-AA15-6AE6D10F11EC}.Release|Any CPU.Build.0 = Release|Any CPU
	EndGlobalSection
	GlobalSection(SolutionProperties) = preSolution
		HideSolutionNode = FALSE
	EndGlobalSection
EndGlobal
